// !$*UTF8*$!
{
	archiveVersion = 1;
	classes = {
	};
	objectVersion = 51;
	objects = {

/* Begin PBXBuildFile section */
		02B34B6281E33BE5BE441334 /* Pods_DiagnosticMakerTests.framework in Frameworks */ = {isa = PBXBuildFile; fileRef = 287319E6F1524BC4CB9A4B8D /* Pods_DiagnosticMakerTests.framework */; };
		04D45E877FB11CB8A61B6214 /* Pods_DiagnosticMaker_DiagnosticMakerUITests.framework in Frameworks */ = {isa = PBXBuildFile; fileRef = 5329FD3430A4EDFB1033F8FF /* Pods_DiagnosticMaker_DiagnosticMakerUITests.framework */; };
		370DAA9026A808C500D89A49 /* AppDelegate.swift in Sources */ = {isa = PBXBuildFile; fileRef = 370DAA8F26A808C500D89A49 /* AppDelegate.swift */; };
		370DAA9226A808C500D89A49 /* SceneDelegate.swift in Sources */ = {isa = PBXBuildFile; fileRef = 370DAA9126A808C500D89A49 /* SceneDelegate.swift */; };
		370DAA9426A808C500D89A49 /* ViewController.swift in Sources */ = {isa = PBXBuildFile; fileRef = 370DAA9326A808C500D89A49 /* ViewController.swift */; };
		370DAA9726A808C500D89A49 /* Main.storyboard in Resources */ = {isa = PBXBuildFile; fileRef = 370DAA9526A808C500D89A49 /* Main.storyboard */; };
		370DAA9926A808C900D89A49 /* Assets.xcassets in Resources */ = {isa = PBXBuildFile; fileRef = 370DAA9826A808C900D89A49 /* Assets.xcassets */; };
		370DAA9C26A808C900D89A49 /* LaunchScreen.storyboard in Resources */ = {isa = PBXBuildFile; fileRef = 370DAA9A26A808C900D89A49 /* LaunchScreen.storyboard */; };
		370DAAA726A808C900D89A49 /* DiagnosticMakerTests.swift in Sources */ = {isa = PBXBuildFile; fileRef = 370DAAA626A808C900D89A49 /* DiagnosticMakerTests.swift */; };
		370DAAB226A808CA00D89A49 /* DiagnosticMakerUITests.swift in Sources */ = {isa = PBXBuildFile; fileRef = 370DAAB126A808CA00D89A49 /* DiagnosticMakerUITests.swift */; };
		370DAAC126AA551600D89A49 /* LoginViewController.swift in Sources */ = {isa = PBXBuildFile; fileRef = 370DAAC026AA551600D89A49 /* LoginViewController.swift */; };
		370DAAC326AA563100D89A49 /* GoogleService-Info.plist in Resources */ = {isa = PBXBuildFile; fileRef = 370DAAC226AA563000D89A49 /* GoogleService-Info.plist */; };
		37CC480726B0E27A0049CE2F /* FeedViewController.swift in Sources */ = {isa = PBXBuildFile; fileRef = 37CC480626B0E27A0049CE2F /* FeedViewController.swift */; };
		A2DADBC09D901C184714D3BB /* Pods_DiagnosticMaker.framework in Frameworks */ = {isa = PBXBuildFile; fileRef = B3E27BDC7C1B01E5BFA2E844 /* Pods_DiagnosticMaker.framework */; };
/* End PBXBuildFile section */

/* Begin PBXContainerItemProxy section */
		370DAAA326A808C900D89A49 /* PBXContainerItemProxy */ = {
			isa = PBXContainerItemProxy;
			containerPortal = 370DAA8426A808C500D89A49 /* Project object */;
			proxyType = 1;
			remoteGlobalIDString = 370DAA8B26A808C500D89A49;
			remoteInfo = DiagnosticMaker;
		};
		370DAAAE26A808CA00D89A49 /* PBXContainerItemProxy */ = {
			isa = PBXContainerItemProxy;
			containerPortal = 370DAA8426A808C500D89A49 /* Project object */;
			proxyType = 1;
			remoteGlobalIDString = 370DAA8B26A808C500D89A49;
			remoteInfo = DiagnosticMaker;
		};
/* End PBXContainerItemProxy section */

/* Begin PBXFileReference section */
		287319E6F1524BC4CB9A4B8D /* Pods_DiagnosticMakerTests.framework */ = {isa = PBXFileReference; explicitFileType = wrapper.framework; includeInIndex = 0; path = Pods_DiagnosticMakerTests.framework; sourceTree = BUILT_PRODUCTS_DIR; };
		370DAA8C26A808C500D89A49 /* DiagnosticMaker.app */ = {isa = PBXFileReference; explicitFileType = wrapper.application; includeInIndex = 0; path = DiagnosticMaker.app; sourceTree = BUILT_PRODUCTS_DIR; };
		370DAA8F26A808C500D89A49 /* AppDelegate.swift */ = {isa = PBXFileReference; lastKnownFileType = sourcecode.swift; path = AppDelegate.swift; sourceTree = "<group>"; };
		370DAA9126A808C500D89A49 /* SceneDelegate.swift */ = {isa = PBXFileReference; lastKnownFileType = sourcecode.swift; path = SceneDelegate.swift; sourceTree = "<group>"; };
		370DAA9326A808C500D89A49 /* ViewController.swift */ = {isa = PBXFileReference; lastKnownFileType = sourcecode.swift; path = ViewController.swift; sourceTree = "<group>"; };
		370DAA9626A808C500D89A49 /* Base */ = {isa = PBXFileReference; lastKnownFileType = file.storyboard; name = Base; path = Base.lproj/Main.storyboard; sourceTree = "<group>"; };
		370DAA9826A808C900D89A49 /* Assets.xcassets */ = {isa = PBXFileReference; lastKnownFileType = folder.assetcatalog; path = Assets.xcassets; sourceTree = "<group>"; };
		370DAA9B26A808C900D89A49 /* Base */ = {isa = PBXFileReference; lastKnownFileType = file.storyboard; name = Base; path = Base.lproj/LaunchScreen.storyboard; sourceTree = "<group>"; };
		370DAA9D26A808C900D89A49 /* Info.plist */ = {isa = PBXFileReference; lastKnownFileType = text.plist.xml; path = Info.plist; sourceTree = "<group>"; };
		370DAAA226A808C900D89A49 /* DiagnosticMakerTests.xctest */ = {isa = PBXFileReference; explicitFileType = wrapper.cfbundle; includeInIndex = 0; path = DiagnosticMakerTests.xctest; sourceTree = BUILT_PRODUCTS_DIR; };
		370DAAA626A808C900D89A49 /* DiagnosticMakerTests.swift */ = {isa = PBXFileReference; lastKnownFileType = sourcecode.swift; path = DiagnosticMakerTests.swift; sourceTree = "<group>"; };
		370DAAA826A808C900D89A49 /* Info.plist */ = {isa = PBXFileReference; lastKnownFileType = text.plist.xml; path = Info.plist; sourceTree = "<group>"; };
		370DAAAD26A808CA00D89A49 /* DiagnosticMakerUITests.xctest */ = {isa = PBXFileReference; explicitFileType = wrapper.cfbundle; includeInIndex = 0; path = DiagnosticMakerUITests.xctest; sourceTree = BUILT_PRODUCTS_DIR; };
		370DAAB126A808CA00D89A49 /* DiagnosticMakerUITests.swift */ = {isa = PBXFileReference; lastKnownFileType = sourcecode.swift; path = DiagnosticMakerUITests.swift; sourceTree = "<group>"; };
		370DAAB326A808CA00D89A49 /* Info.plist */ = {isa = PBXFileReference; lastKnownFileType = text.plist.xml; path = Info.plist; sourceTree = "<group>"; };
		370DAAC026AA551600D89A49 /* LoginViewController.swift */ = {isa = PBXFileReference; lastKnownFileType = sourcecode.swift; path = LoginViewController.swift; sourceTree = "<group>"; };
		370DAAC226AA563000D89A49 /* GoogleService-Info.plist */ = {isa = PBXFileReference; fileEncoding = 4; lastKnownFileType = text.plist.xml; path = "GoogleService-Info.plist"; sourceTree = "<group>"; };
		37CC480526B0638E0049CE2F /* README.md */ = {isa = PBXFileReference; lastKnownFileType = net.daringfireball.markdown; path = README.md; sourceTree = "<group>"; };
		37CC480626B0E27A0049CE2F /* FeedViewController.swift */ = {isa = PBXFileReference; lastKnownFileType = sourcecode.swift; path = FeedViewController.swift; sourceTree = "<group>"; };
		419BF1C2B369CA5AA3941558 /* Pods-DiagnosticMaker.debug.xcconfig */ = {isa = PBXFileReference; includeInIndex = 1; lastKnownFileType = text.xcconfig; name = "Pods-DiagnosticMaker.debug.xcconfig"; path = "Target Support Files/Pods-DiagnosticMaker/Pods-DiagnosticMaker.debug.xcconfig"; sourceTree = "<group>"; };
		5329FD3430A4EDFB1033F8FF /* Pods_DiagnosticMaker_DiagnosticMakerUITests.framework */ = {isa = PBXFileReference; explicitFileType = wrapper.framework; includeInIndex = 0; path = Pods_DiagnosticMaker_DiagnosticMakerUITests.framework; sourceTree = BUILT_PRODUCTS_DIR; };
		A198504A50ED743F84C955C2 /* Pods-DiagnosticMaker-DiagnosticMakerUITests.debug.xcconfig */ = {isa = PBXFileReference; includeInIndex = 1; lastKnownFileType = text.xcconfig; name = "Pods-DiagnosticMaker-DiagnosticMakerUITests.debug.xcconfig"; path = "Target Support Files/Pods-DiagnosticMaker-DiagnosticMakerUITests/Pods-DiagnosticMaker-DiagnosticMakerUITests.debug.xcconfig"; sourceTree = "<group>"; };
		B3E27BDC7C1B01E5BFA2E844 /* Pods_DiagnosticMaker.framework */ = {isa = PBXFileReference; explicitFileType = wrapper.framework; includeInIndex = 0; path = Pods_DiagnosticMaker.framework; sourceTree = BUILT_PRODUCTS_DIR; };
		D325717E5FB026B97FD18094 /* Pods-DiagnosticMaker-DiagnosticMakerUITests.release.xcconfig */ = {isa = PBXFileReference; includeInIndex = 1; lastKnownFileType = text.xcconfig; name = "Pods-DiagnosticMaker-DiagnosticMakerUITests.release.xcconfig"; path = "Target Support Files/Pods-DiagnosticMaker-DiagnosticMakerUITests/Pods-DiagnosticMaker-DiagnosticMakerUITests.release.xcconfig"; sourceTree = "<group>"; };
		E8F51F950885AFD026512DEC /* Pods-DiagnosticMakerTests.debug.xcconfig */ = {isa = PBXFileReference; includeInIndex = 1; lastKnownFileType = text.xcconfig; name = "Pods-DiagnosticMakerTests.debug.xcconfig"; path = "Target Support Files/Pods-DiagnosticMakerTests/Pods-DiagnosticMakerTests.debug.xcconfig"; sourceTree = "<group>"; };
		F75473E3041D913AFAF70BA0 /* Pods-DiagnosticMaker.release.xcconfig */ = {isa = PBXFileReference; includeInIndex = 1; lastKnownFileType = text.xcconfig; name = "Pods-DiagnosticMaker.release.xcconfig"; path = "Target Support Files/Pods-DiagnosticMaker/Pods-DiagnosticMaker.release.xcconfig"; sourceTree = "<group>"; };
		FF5EB090FD0378DF8A050E83 /* Pods-DiagnosticMakerTests.release.xcconfig */ = {isa = PBXFileReference; includeInIndex = 1; lastKnownFileType = text.xcconfig; name = "Pods-DiagnosticMakerTests.release.xcconfig"; path = "Target Support Files/Pods-DiagnosticMakerTests/Pods-DiagnosticMakerTests.release.xcconfig"; sourceTree = "<group>"; };
/* End PBXFileReference section */

/* Begin PBXFrameworksBuildPhase section */
		370DAA8926A808C500D89A49 /* Frameworks */ = {
			isa = PBXFrameworksBuildPhase;
			buildActionMask = 2147483647;
			files = (
				A2DADBC09D901C184714D3BB /* Pods_DiagnosticMaker.framework in Frameworks */,
			);
			runOnlyForDeploymentPostprocessing = 0;
		};
		370DAA9F26A808C900D89A49 /* Frameworks */ = {
			isa = PBXFrameworksBuildPhase;
			buildActionMask = 2147483647;
			files = (
				02B34B6281E33BE5BE441334 /* Pods_DiagnosticMakerTests.framework in Frameworks */,
			);
			runOnlyForDeploymentPostprocessing = 0;
		};
		370DAAAA26A808CA00D89A49 /* Frameworks */ = {
			isa = PBXFrameworksBuildPhase;
			buildActionMask = 2147483647;
			files = (
				04D45E877FB11CB8A61B6214 /* Pods_DiagnosticMaker_DiagnosticMakerUITests.framework in Frameworks */,
			);
			runOnlyForDeploymentPostprocessing = 0;
		};
/* End PBXFrameworksBuildPhase section */

/* Begin PBXGroup section */
		09DC8B747D24532512DB3446 /* Pods */ = {
			isa = PBXGroup;
			children = (
				419BF1C2B369CA5AA3941558 /* Pods-DiagnosticMaker.debug.xcconfig */,
				F75473E3041D913AFAF70BA0 /* Pods-DiagnosticMaker.release.xcconfig */,
				A198504A50ED743F84C955C2 /* Pods-DiagnosticMaker-DiagnosticMakerUITests.debug.xcconfig */,
				D325717E5FB026B97FD18094 /* Pods-DiagnosticMaker-DiagnosticMakerUITests.release.xcconfig */,
				E8F51F950885AFD026512DEC /* Pods-DiagnosticMakerTests.debug.xcconfig */,
				FF5EB090FD0378DF8A050E83 /* Pods-DiagnosticMakerTests.release.xcconfig */,
			);
			path = Pods;
			sourceTree = "<group>";
		};
		370DAA8326A808C500D89A49 = {
			isa = PBXGroup;
			children = (
				370DAA8E26A808C500D89A49 /* DiagnosticMaker */,
				370DAAA526A808C900D89A49 /* DiagnosticMakerTests */,
				370DAAB026A808CA00D89A49 /* DiagnosticMakerUITests */,
				370DAA8D26A808C500D89A49 /* Products */,
				09DC8B747D24532512DB3446 /* Pods */,
				7CBFEEDF9D8A813C07071ABC /* Frameworks */,
			);
			sourceTree = "<group>";
		};
		370DAA8D26A808C500D89A49 /* Products */ = {
			isa = PBXGroup;
			children = (
				370DAA8C26A808C500D89A49 /* DiagnosticMaker.app */,
				370DAAA226A808C900D89A49 /* DiagnosticMakerTests.xctest */,
				370DAAAD26A808CA00D89A49 /* DiagnosticMakerUITests.xctest */,
			);
			name = Products;
			sourceTree = "<group>";
		};
		370DAA8E26A808C500D89A49 /* DiagnosticMaker */ = {
			isa = PBXGroup;
			children = (
				370DAA8F26A808C500D89A49 /* AppDelegate.swift */,
				370DAA9126A808C500D89A49 /* SceneDelegate.swift */,
				370DAABF26AA54D500D89A49 /* Coontroller */,
				370DAA9526A808C500D89A49 /* Main.storyboard */,
				370DAA9826A808C900D89A49 /* Assets.xcassets */,
				370DAA9A26A808C900D89A49 /* LaunchScreen.storyboard */,
				370DAA9D26A808C900D89A49 /* Info.plist */,
				370DAAC226AA563000D89A49 /* GoogleService-Info.plist */,
				37CC480526B0638E0049CE2F /* README.md */,
			);
			path = DiagnosticMaker;
			sourceTree = "<group>";
		};
		370DAAA526A808C900D89A49 /* DiagnosticMakerTests */ = {
			isa = PBXGroup;
			children = (
				370DAAA626A808C900D89A49 /* DiagnosticMakerTests.swift */,
				370DAAA826A808C900D89A49 /* Info.plist */,
			);
			path = DiagnosticMakerTests;
			sourceTree = "<group>";
		};
		370DAAB026A808CA00D89A49 /* DiagnosticMakerUITests */ = {
			isa = PBXGroup;
			children = (
				370DAAB126A808CA00D89A49 /* DiagnosticMakerUITests.swift */,
				370DAAB326A808CA00D89A49 /* Info.plist */,
			);
			path = DiagnosticMakerUITests;
			sourceTree = "<group>";
		};
		370DAABF26AA54D500D89A49 /* Coontroller */ = {
			isa = PBXGroup;
			children = (
				370DAA9326A808C500D89A49 /* ViewController.swift */,
				370DAAC026AA551600D89A49 /* LoginViewController.swift */,
				37CC480626B0E27A0049CE2F /* FeedViewController.swift */,
			);
			path = Coontroller;
			sourceTree = "<group>";
		};
		7CBFEEDF9D8A813C07071ABC /* Frameworks */ = {
			isa = PBXGroup;
			children = (
				B3E27BDC7C1B01E5BFA2E844 /* Pods_DiagnosticMaker.framework */,
				5329FD3430A4EDFB1033F8FF /* Pods_DiagnosticMaker_DiagnosticMakerUITests.framework */,
				287319E6F1524BC4CB9A4B8D /* Pods_DiagnosticMakerTests.framework */,
			);
			name = Frameworks;
			sourceTree = "<group>";
		};
/* End PBXGroup section */

/* Begin PBXNativeTarget section */
		370DAA8B26A808C500D89A49 /* DiagnosticMaker */ = {
			isa = PBXNativeTarget;
			buildConfigurationList = 370DAAB626A808CA00D89A49 /* Build configuration list for PBXNativeTarget "DiagnosticMaker" */;
			buildPhases = (
				14B5CBC43CFEC9ED60645C41 /* [CP] Check Pods Manifest.lock */,
				370DAA8826A808C500D89A49 /* Sources */,
				370DAA8926A808C500D89A49 /* Frameworks */,
				370DAA8A26A808C500D89A49 /* Resources */,
				C862B691DF5C1529B6A81225 /* [CP] Embed Pods Frameworks */,
			);
			buildRules = (
			);
			dependencies = (
			);
			name = DiagnosticMaker;
			productName = DiagnosticMaker;
			productReference = 370DAA8C26A808C500D89A49 /* DiagnosticMaker.app */;
			productType = "com.apple.product-type.application";
		};
		370DAAA126A808C900D89A49 /* DiagnosticMakerTests */ = {
			isa = PBXNativeTarget;
			buildConfigurationList = 370DAAB926A808CA00D89A49 /* Build configuration list for PBXNativeTarget "DiagnosticMakerTests" */;
			buildPhases = (
				0AE14A136155616FCB9E520A /* [CP] Check Pods Manifest.lock */,
				370DAA9E26A808C900D89A49 /* Sources */,
				370DAA9F26A808C900D89A49 /* Frameworks */,
				370DAAA026A808C900D89A49 /* Resources */,
			);
			buildRules = (
			);
			dependencies = (
				370DAAA426A808C900D89A49 /* PBXTargetDependency */,
			);
			name = DiagnosticMakerTests;
			productName = DiagnosticMakerTests;
			productReference = 370DAAA226A808C900D89A49 /* DiagnosticMakerTests.xctest */;
			productType = "com.apple.product-type.bundle.unit-test";
		};
		370DAAAC26A808CA00D89A49 /* DiagnosticMakerUITests */ = {
			isa = PBXNativeTarget;
			buildConfigurationList = 370DAABC26A808CA00D89A49 /* Build configuration list for PBXNativeTarget "DiagnosticMakerUITests" */;
			buildPhases = (
				F30B3EF4EDF397B9C65DA411 /* [CP] Check Pods Manifest.lock */,
				370DAAA926A808CA00D89A49 /* Sources */,
				370DAAAA26A808CA00D89A49 /* Frameworks */,
				370DAAAB26A808CA00D89A49 /* Resources */,
				281C948D72F81C7DAF8ECDD4 /* [CP] Embed Pods Frameworks */,
			);
			buildRules = (
			);
			dependencies = (
				370DAAAF26A808CA00D89A49 /* PBXTargetDependency */,
			);
			name = DiagnosticMakerUITests;
			productName = DiagnosticMakerUITests;
			productReference = 370DAAAD26A808CA00D89A49 /* DiagnosticMakerUITests.xctest */;
			productType = "com.apple.product-type.bundle.ui-testing";
		};
/* End PBXNativeTarget section */

/* Begin PBXProject section */
		370DAA8426A808C500D89A49 /* Project object */ = {
			isa = PBXProject;
			attributes = {
				LastSwiftUpdateCheck = 1250;
				LastUpgradeCheck = 1250;
				TargetAttributes = {
					370DAA8B26A808C500D89A49 = {
						CreatedOnToolsVersion = 12.5.1;
					};
					370DAAA126A808C900D89A49 = {
						CreatedOnToolsVersion = 12.5.1;
						TestTargetID = 370DAA8B26A808C500D89A49;
					};
					370DAAAC26A808CA00D89A49 = {
						CreatedOnToolsVersion = 12.5.1;
						TestTargetID = 370DAA8B26A808C500D89A49;
					};
				};
			};
			buildConfigurationList = 370DAA8726A808C500D89A49 /* Build configuration list for PBXProject "DiagnosticMaker" */;
			compatibilityVersion = "Xcode 9.3";
			developmentRegion = en;
			hasScannedForEncodings = 0;
			knownRegions = (
				en,
				Base,
			);
			mainGroup = 370DAA8326A808C500D89A49;
			productRefGroup = 370DAA8D26A808C500D89A49 /* Products */;
			projectDirPath = "";
			projectRoot = "";
			targets = (
				370DAA8B26A808C500D89A49 /* DiagnosticMaker */,
				370DAAA126A808C900D89A49 /* DiagnosticMakerTests */,
				370DAAAC26A808CA00D89A49 /* DiagnosticMakerUITests */,
			);
		};
/* End PBXProject section */

/* Begin PBXResourcesBuildPhase section */
		370DAA8A26A808C500D89A49 /* Resources */ = {
			isa = PBXResourcesBuildPhase;
			buildActionMask = 2147483647;
			files = (
				370DAA9C26A808C900D89A49 /* LaunchScreen.storyboard in Resources */,
				370DAA9926A808C900D89A49 /* Assets.xcassets in Resources */,
				370DAA9726A808C500D89A49 /* Main.storyboard in Resources */,
				370DAAC326AA563100D89A49 /* GoogleService-Info.plist in Resources */,
			);
			runOnlyForDeploymentPostprocessing = 0;
		};
		370DAAA026A808C900D89A49 /* Resources */ = {
			isa = PBXResourcesBuildPhase;
			buildActionMask = 2147483647;
			files = (
			);
			runOnlyForDeploymentPostprocessing = 0;
		};
		370DAAAB26A808CA00D89A49 /* Resources */ = {
			isa = PBXResourcesBuildPhase;
			buildActionMask = 2147483647;
			files = (
			);
			runOnlyForDeploymentPostprocessing = 0;
		};
/* End PBXResourcesBuildPhase section */

/* Begin PBXShellScriptBuildPhase section */
		0AE14A136155616FCB9E520A /* [CP] Check Pods Manifest.lock */ = {
			isa = PBXShellScriptBuildPhase;
			buildActionMask = 2147483647;
			files = (
			);
			inputFileListPaths = (
			);
			inputPaths = (
				"${PODS_PODFILE_DIR_PATH}/Podfile.lock",
				"${PODS_ROOT}/Manifest.lock",
			);
			name = "[CP] Check Pods Manifest.lock";
			outputFileListPaths = (
			);
			outputPaths = (
				"$(DERIVED_FILE_DIR)/Pods-DiagnosticMakerTests-checkManifestLockResult.txt",
			);
			runOnlyForDeploymentPostprocessing = 0;
			shellPath = /bin/sh;
			shellScript = "diff \"${PODS_PODFILE_DIR_PATH}/Podfile.lock\" \"${PODS_ROOT}/Manifest.lock\" > /dev/null\nif [ $? != 0 ] ; then\n    # print error to STDERR\n    echo \"error: The sandbox is not in sync with the Podfile.lock. Run 'pod install' or update your CocoaPods installation.\" >&2\n    exit 1\nfi\n# This output is used by Xcode 'outputs' to avoid re-running this script phase.\necho \"SUCCESS\" > \"${SCRIPT_OUTPUT_FILE_0}\"\n";
			showEnvVarsInLog = 0;
		};
		14B5CBC43CFEC9ED60645C41 /* [CP] Check Pods Manifest.lock */ = {
			isa = PBXShellScriptBuildPhase;
			buildActionMask = 2147483647;
			files = (
			);
			inputFileListPaths = (
			);
			inputPaths = (
				"${PODS_PODFILE_DIR_PATH}/Podfile.lock",
				"${PODS_ROOT}/Manifest.lock",
			);
			name = "[CP] Check Pods Manifest.lock";
			outputFileListPaths = (
			);
			outputPaths = (
				"$(DERIVED_FILE_DIR)/Pods-DiagnosticMaker-checkManifestLockResult.txt",
			);
			runOnlyForDeploymentPostprocessing = 0;
			shellPath = /bin/sh;
			shellScript = "diff \"${PODS_PODFILE_DIR_PATH}/Podfile.lock\" \"${PODS_ROOT}/Manifest.lock\" > /dev/null\nif [ $? != 0 ] ; then\n    # print error to STDERR\n    echo \"error: The sandbox is not in sync with the Podfile.lock. Run 'pod install' or update your CocoaPods installation.\" >&2\n    exit 1\nfi\n# This output is used by Xcode 'outputs' to avoid re-running this script phase.\necho \"SUCCESS\" > \"${SCRIPT_OUTPUT_FILE_0}\"\n";
			showEnvVarsInLog = 0;
		};
		281C948D72F81C7DAF8ECDD4 /* [CP] Embed Pods Frameworks */ = {
			isa = PBXShellScriptBuildPhase;
			buildActionMask = 2147483647;
			files = (
			);
			inputFileListPaths = (
				"${PODS_ROOT}/Target Support Files/Pods-DiagnosticMaker-DiagnosticMakerUITests/Pods-DiagnosticMaker-DiagnosticMakerUITests-frameworks-${CONFIGURATION}-input-files.xcfilelist",
			);
			name = "[CP] Embed Pods Frameworks";
			outputFileListPaths = (
				"${PODS_ROOT}/Target Support Files/Pods-DiagnosticMaker-DiagnosticMakerUITests/Pods-DiagnosticMaker-DiagnosticMakerUITests-frameworks-${CONFIGURATION}-output-files.xcfilelist",
			);
			runOnlyForDeploymentPostprocessing = 0;
			shellPath = /bin/sh;
			shellScript = "\"${PODS_ROOT}/Target Support Files/Pods-DiagnosticMaker-DiagnosticMakerUITests/Pods-DiagnosticMaker-DiagnosticMakerUITests-frameworks.sh\"\n";
			showEnvVarsInLog = 0;
		};
		C862B691DF5C1529B6A81225 /* [CP] Embed Pods Frameworks */ = {
			isa = PBXShellScriptBuildPhase;
			buildActionMask = 2147483647;
			files = (
			);
			inputFileListPaths = (
				"${PODS_ROOT}/Target Support Files/Pods-DiagnosticMaker/Pods-DiagnosticMaker-frameworks-${CONFIGURATION}-input-files.xcfilelist",
			);
			name = "[CP] Embed Pods Frameworks";
			outputFileListPaths = (
				"${PODS_ROOT}/Target Support Files/Pods-DiagnosticMaker/Pods-DiagnosticMaker-frameworks-${CONFIGURATION}-output-files.xcfilelist",
			);
			runOnlyForDeploymentPostprocessing = 0;
			shellPath = /bin/sh;
			shellScript = "\"${PODS_ROOT}/Target Support Files/Pods-DiagnosticMaker/Pods-DiagnosticMaker-frameworks.sh\"\n";
			showEnvVarsInLog = 0;
		};
		F30B3EF4EDF397B9C65DA411 /* [CP] Check Pods Manifest.lock */ = {
			isa = PBXShellScriptBuildPhase;
			buildActionMask = 2147483647;
			files = (
			);
			inputFileListPaths = (
			);
			inputPaths = (
				"${PODS_PODFILE_DIR_PATH}/Podfile.lock",
				"${PODS_ROOT}/Manifest.lock",
			);
			name = "[CP] Check Pods Manifest.lock";
			outputFileListPaths = (
			);
			outputPaths = (
				"$(DERIVED_FILE_DIR)/Pods-DiagnosticMaker-DiagnosticMakerUITests-checkManifestLockResult.txt",
			);
			runOnlyForDeploymentPostprocessing = 0;
			shellPath = /bin/sh;
			shellScript = "diff \"${PODS_PODFILE_DIR_PATH}/Podfile.lock\" \"${PODS_ROOT}/Manifest.lock\" > /dev/null\nif [ $? != 0 ] ; then\n    # print error to STDERR\n    echo \"error: The sandbox is not in sync with the Podfile.lock. Run 'pod install' or update your CocoaPods installation.\" >&2\n    exit 1\nfi\n# This output is used by Xcode 'outputs' to avoid re-running this script phase.\necho \"SUCCESS\" > \"${SCRIPT_OUTPUT_FILE_0}\"\n";
			showEnvVarsInLog = 0;
		};
/* End PBXShellScriptBuildPhase section */

/* Begin PBXSourcesBuildPhase section */
		370DAA8826A808C500D89A49 /* Sources */ = {
			isa = PBXSourcesBuildPhase;
			buildActionMask = 2147483647;
			files = (
				370DAAC126AA551600D89A49 /* LoginViewController.swift in Sources */,
				370DAA9426A808C500D89A49 /* ViewController.swift in Sources */,
				37CC480726B0E27A0049CE2F /* FeedViewController.swift in Sources */,
				370DAA9026A808C500D89A49 /* AppDelegate.swift in Sources */,
				370DAA9226A808C500D89A49 /* SceneDelegate.swift in Sources */,
			);
			runOnlyForDeploymentPostprocessing = 0;
		};
		370DAA9E26A808C900D89A49 /* Sources */ = {
			isa = PBXSourcesBuildPhase;
			buildActionMask = 2147483647;
			files = (
				370DAAA726A808C900D89A49 /* DiagnosticMakerTests.swift in Sources */,
			);
			runOnlyForDeploymentPostprocessing = 0;
		};
		370DAAA926A808CA00D89A49 /* Sources */ = {
			isa = PBXSourcesBuildPhase;
			buildActionMask = 2147483647;
			files = (
				370DAAB226A808CA00D89A49 /* DiagnosticMakerUITests.swift in Sources */,
			);
			runOnlyForDeploymentPostprocessing = 0;
		};
/* End PBXSourcesBuildPhase section */

/* Begin PBXTargetDependency section */
		370DAAA426A808C900D89A49 /* PBXTargetDependency */ = {
			isa = PBXTargetDependency;
			target = 370DAA8B26A808C500D89A49 /* DiagnosticMaker */;
			targetProxy = 370DAAA326A808C900D89A49 /* PBXContainerItemProxy */;
		};
		370DAAAF26A808CA00D89A49 /* PBXTargetDependency */ = {
			isa = PBXTargetDependency;
			target = 370DAA8B26A808C500D89A49 /* DiagnosticMaker */;
			targetProxy = 370DAAAE26A808CA00D89A49 /* PBXContainerItemProxy */;
		};
/* End PBXTargetDependency section */

/* Begin PBXVariantGroup section */
		370DAA9526A808C500D89A49 /* Main.storyboard */ = {
			isa = PBXVariantGroup;
			children = (
				370DAA9626A808C500D89A49 /* Base */,
			);
			name = Main.storyboard;
			sourceTree = "<group>";
		};
		370DAA9A26A808C900D89A49 /* LaunchScreen.storyboard */ = {
			isa = PBXVariantGroup;
			children = (
				370DAA9B26A808C900D89A49 /* Base */,
			);
			name = LaunchScreen.storyboard;
			sourceTree = "<group>";
		};
/* End PBXVariantGroup section */

/* Begin XCBuildConfiguration section */
		370DAAB426A808CA00D89A49 /* Debug */ = {
			isa = XCBuildConfiguration;
			buildSettings = {
				ALWAYS_SEARCH_USER_PATHS = NO;
				CLANG_ANALYZER_NONNULL = YES;
				CLANG_ANALYZER_NUMBER_OBJECT_CONVERSION = YES_AGGRESSIVE;
				CLANG_CXX_LANGUAGE_STANDARD = "gnu++14";
				CLANG_CXX_LIBRARY = "libc++";
				CLANG_ENABLE_MODULES = YES;
				CLANG_ENABLE_OBJC_ARC = YES;
				CLANG_ENABLE_OBJC_WEAK = YES;
				CLANG_WARN_BLOCK_CAPTURE_AUTORELEASING = YES;
				CLANG_WARN_BOOL_CONVERSION = YES;
				CLANG_WARN_COMMA = YES;
				CLANG_WARN_CONSTANT_CONVERSION = YES;
				CLANG_WARN_DEPRECATED_OBJC_IMPLEMENTATIONS = YES;
				CLANG_WARN_DIRECT_OBJC_ISA_USAGE = YES_ERROR;
				CLANG_WARN_DOCUMENTATION_COMMENTS = YES;
				CLANG_WARN_EMPTY_BODY = YES;
				CLANG_WARN_ENUM_CONVERSION = YES;
				CLANG_WARN_INFINITE_RECURSION = YES;
				CLANG_WARN_INT_CONVERSION = YES;
				CLANG_WARN_NON_LITERAL_NULL_CONVERSION = YES;
				CLANG_WARN_OBJC_IMPLICIT_RETAIN_SELF = YES;
				CLANG_WARN_OBJC_LITERAL_CONVERSION = YES;
				CLANG_WARN_OBJC_ROOT_CLASS = YES_ERROR;
				CLANG_WARN_QUOTED_INCLUDE_IN_FRAMEWORK_HEADER = YES;
				CLANG_WARN_RANGE_LOOP_ANALYSIS = YES;
				CLANG_WARN_STRICT_PROTOTYPES = YES;
				CLANG_WARN_SUSPICIOUS_MOVE = YES;
				CLANG_WARN_UNGUARDED_AVAILABILITY = YES_AGGRESSIVE;
				CLANG_WARN_UNREACHABLE_CODE = YES;
				CLANG_WARN__DUPLICATE_METHOD_MATCH = YES;
				COPY_PHASE_STRIP = NO;
				DEBUG_INFORMATION_FORMAT = dwarf;
				ENABLE_STRICT_OBJC_MSGSEND = YES;
				ENABLE_TESTABILITY = YES;
				GCC_C_LANGUAGE_STANDARD = gnu11;
				GCC_DYNAMIC_NO_PIC = NO;
				GCC_NO_COMMON_BLOCKS = YES;
				GCC_OPTIMIZATION_LEVEL = 0;
				GCC_PREPROCESSOR_DEFINITIONS = (
					"DEBUG=1",
					"$(inherited)",
				);
				GCC_WARN_64_TO_32_BIT_CONVERSION = YES;
				GCC_WARN_ABOUT_RETURN_TYPE = YES_ERROR;
				GCC_WARN_UNDECLARED_SELECTOR = YES;
				GCC_WARN_UNINITIALIZED_AUTOS = YES_AGGRESSIVE;
				GCC_WARN_UNUSED_FUNCTION = YES;
				GCC_WARN_UNUSED_VARIABLE = YES;
				IPHONEOS_DEPLOYMENT_TARGET = 14.5;
				MTL_ENABLE_DEBUG_INFO = INCLUDE_SOURCE;
				MTL_FAST_MATH = YES;
				ONLY_ACTIVE_ARCH = YES;
				SDKROOT = iphoneos;
				SWIFT_ACTIVE_COMPILATION_CONDITIONS = DEBUG;
				SWIFT_OPTIMIZATION_LEVEL = "-Onone";
			};
			name = Debug;
		};
		370DAAB526A808CA00D89A49 /* Release */ = {
			isa = XCBuildConfiguration;
			buildSettings = {
				ALWAYS_SEARCH_USER_PATHS = NO;
				CLANG_ANALYZER_NONNULL = YES;
				CLANG_ANALYZER_NUMBER_OBJECT_CONVERSION = YES_AGGRESSIVE;
				CLANG_CXX_LANGUAGE_STANDARD = "gnu++14";
				CLANG_CXX_LIBRARY = "libc++";
				CLANG_ENABLE_MODULES = YES;
				CLANG_ENABLE_OBJC_ARC = YES;
				CLANG_ENABLE_OBJC_WEAK = YES;
				CLANG_WARN_BLOCK_CAPTURE_AUTORELEASING = YES;
				CLANG_WARN_BOOL_CONVERSION = YES;
				CLANG_WARN_COMMA = YES;
				CLANG_WARN_CONSTANT_CONVERSION = YES;
				CLANG_WARN_DEPRECATED_OBJC_IMPLEMENTATIONS = YES;
				CLANG_WARN_DIRECT_OBJC_ISA_USAGE = YES_ERROR;
				CLANG_WARN_DOCUMENTATION_COMMENTS = YES;
				CLANG_WARN_EMPTY_BODY = YES;
				CLANG_WARN_ENUM_CONVERSION = YES;
				CLANG_WARN_INFINITE_RECURSION = YES;
				CLANG_WARN_INT_CONVERSION = YES;
				CLANG_WARN_NON_LITERAL_NULL_CONVERSION = YES;
				CLANG_WARN_OBJC_IMPLICIT_RETAIN_SELF = YES;
				CLANG_WARN_OBJC_LITERAL_CONVERSION = YES;
				CLANG_WARN_OBJC_ROOT_CLASS = YES_ERROR;
				CLANG_WARN_QUOTED_INCLUDE_IN_FRAMEWORK_HEADER = YES;
				CLANG_WARN_RANGE_LOOP_ANALYSIS = YES;
				CLANG_WARN_STRICT_PROTOTYPES = YES;
				CLANG_WARN_SUSPICIOUS_MOVE = YES;
				CLANG_WARN_UNGUARDED_AVAILABILITY = YES_AGGRESSIVE;
				CLANG_WARN_UNREACHABLE_CODE = YES;
				CLANG_WARN__DUPLICATE_METHOD_MATCH = YES;
				COPY_PHASE_STRIP = NO;
				DEBUG_INFORMATION_FORMAT = "dwarf-with-dsym";
				ENABLE_NS_ASSERTIONS = NO;
				ENABLE_STRICT_OBJC_MSGSEND = YES;
				GCC_C_LANGUAGE_STANDARD = gnu11;
				GCC_NO_COMMON_BLOCKS = YES;
				GCC_WARN_64_TO_32_BIT_CONVERSION = YES;
				GCC_WARN_ABOUT_RETURN_TYPE = YES_ERROR;
				GCC_WARN_UNDECLARED_SELECTOR = YES;
				GCC_WARN_UNINITIALIZED_AUTOS = YES_AGGRESSIVE;
				GCC_WARN_UNUSED_FUNCTION = YES;
				GCC_WARN_UNUSED_VARIABLE = YES;
				IPHONEOS_DEPLOYMENT_TARGET = 14.5;
				MTL_ENABLE_DEBUG_INFO = NO;
				MTL_FAST_MATH = YES;
				SDKROOT = iphoneos;
				SWIFT_COMPILATION_MODE = wholemodule;
				SWIFT_OPTIMIZATION_LEVEL = "-O";
				VALIDATE_PRODUCT = YES;
			};
			name = Release;
		};
		370DAAB726A808CA00D89A49 /* Debug */ = {
			isa = XCBuildConfiguration;
			baseConfigurationReference = 419BF1C2B369CA5AA3941558 /* Pods-DiagnosticMaker.debug.xcconfig */;
			buildSettings = {
				ASSETCATALOG_COMPILER_APPICON_NAME = AppIcon;
				ASSETCATALOG_COMPILER_GLOBAL_ACCENT_COLOR_NAME = AccentColor;
				CODE_SIGN_STYLE = Automatic;
				DEVELOPMENT_TEAM = M82FLD6C75;
				INFOPLIST_FILE = DiagnosticMaker/Info.plist;
				LD_RUNPATH_SEARCH_PATHS = (
					"$(inherited)",
					"@executable_path/Frameworks",
				);
				PRODUCT_BUNDLE_IDENTIFIER = net.shotaroooe.DiagnosticMaker;
				PRODUCT_NAME = "$(TARGET_NAME)";
				SWIFT_VERSION = 5.0;
				TARGETED_DEVICE_FAMILY = "1,2";
			};
			name = Debug;
		};
		370DAAB826A808CA00D89A49 /* Release */ = {
			isa = XCBuildConfiguration;
			baseConfigurationReference = F75473E3041D913AFAF70BA0 /* Pods-DiagnosticMaker.release.xcconfig */;
			buildSettings = {
				ASSETCATALOG_COMPILER_APPICON_NAME = AppIcon;
				ASSETCATALOG_COMPILER_GLOBAL_ACCENT_COLOR_NAME = AccentColor;
				CODE_SIGN_STYLE = Automatic;
				DEVELOPMENT_TEAM = M82FLD6C75;
				INFOPLIST_FILE = DiagnosticMaker/Info.plist;
				LD_RUNPATH_SEARCH_PATHS = (
					"$(inherited)",
					"@executable_path/Frameworks",
				);
				PRODUCT_BUNDLE_IDENTIFIER = net.shotaroooe.DiagnosticMaker;
				PRODUCT_NAME = "$(TARGET_NAME)";
				SWIFT_VERSION = 5.0;
				TARGETED_DEVICE_FAMILY = "1,2";
			};
			name = Release;
		};
		370DAABA26A808CA00D89A49 /* Debug */ = {
			isa = XCBuildConfiguration;
			baseConfigurationReference = E8F51F950885AFD026512DEC /* Pods-DiagnosticMakerTests.debug.xcconfig */;
			buildSettings = {
				ALWAYS_EMBED_SWIFT_STANDARD_LIBRARIES = YES;
				BUNDLE_LOADER = "$(TEST_HOST)";
				CODE_SIGN_STYLE = Automatic;
				DEVELOPMENT_TEAM = M82FLD6C75;
				INFOPLIST_FILE = DiagnosticMakerTests/Info.plist;
				IPHONEOS_DEPLOYMENT_TARGET = 14.5;
				LD_RUNPATH_SEARCH_PATHS = (
					"$(inherited)",
					"@executable_path/Frameworks",
					"@loader_path/Frameworks",
				);
				PRODUCT_BUNDLE_IDENTIFIER = net.shotaroooe.DiagnosticMakerTests;
				PRODUCT_NAME = "$(TARGET_NAME)";
				SWIFT_VERSION = 5.0;
				TARGETED_DEVICE_FAMILY = "1,2";
				TEST_HOST = "$(BUILT_PRODUCTS_DIR)/DiagnosticMaker.app/DiagnosticMaker";
			};
			name = Debug;
		};
		370DAABB26A808CA00D89A49 /* Release */ = {
			isa = XCBuildConfiguration;
			baseConfigurationReference = FF5EB090FD0378DF8A050E83 /* Pods-DiagnosticMakerTests.release.xcconfig */;
			buildSettings = {
				ALWAYS_EMBED_SWIFT_STANDARD_LIBRARIES = YES;
				BUNDLE_LOADER = "$(TEST_HOST)";
				CODE_SIGN_STYLE = Automatic;
				DEVELOPMENT_TEAM = M82FLD6C75;
				INFOPLIST_FILE = DiagnosticMakerTests/Info.plist;
				IPHONEOS_DEPLOYMENT_TARGET = 14.5;
				LD_RUNPATH_SEARCH_PATHS = (
					"$(inherited)",
					"@executable_path/Frameworks",
					"@loader_path/Frameworks",
				);
				PRODUCT_BUNDLE_IDENTIFIER = net.shotaroooe.DiagnosticMakerTests;
				PRODUCT_NAME = "$(TARGET_NAME)";
				SWIFT_VERSION = 5.0;
				TARGETED_DEVICE_FAMILY = "1,2";
				TEST_HOST = "$(BUILT_PRODUCTS_DIR)/DiagnosticMaker.app/DiagnosticMaker";
			};
			name = Release;
		};
		370DAABD26A808CA00D89A49 /* Debug */ = {
			isa = XCBuildConfiguration;
			baseConfigurationReference = A198504A50ED743F84C955C2 /* Pods-DiagnosticMaker-DiagnosticMakerUITests.debug.xcconfig */;
			buildSettings = {
				ALWAYS_EMBED_SWIFT_STANDARD_LIBRARIES = YES;
				CODE_SIGN_STYLE = Automatic;
				DEVELOPMENT_TEAM = M82FLD6C75;
				INFOPLIST_FILE = DiagnosticMakerUITests/Info.plist;
				LD_RUNPATH_SEARCH_PATHS = (
					"$(inherited)",
					"@executable_path/Frameworks",
					"@loader_path/Frameworks",
				);
				PRODUCT_BUNDLE_IDENTIFIER = net.shotaroooe.DiagnosticMakerUITests;
				PRODUCT_NAME = "$(TARGET_NAME)";
				SWIFT_VERSION = 5.0;
				TARGETED_DEVICE_FAMILY = "1,2";
				TEST_TARGET_NAME = DiagnosticMaker;
			};
			name = Debug;
		};
		370DAABE26A808CA00D89A49 /* Release */ = {
			isa = XCBuildConfiguration;
			baseConfigurationReference = D325717E5FB026B97FD18094 /* Pods-DiagnosticMaker-DiagnosticMakerUITests.release.xcconfig */;
			buildSettings = {
				ALWAYS_EMBED_SWIFT_STANDARD_LIBRARIES = YES;
				CODE_SIGN_STYLE = Automatic;
				DEVELOPMENT_TEAM = M82FLD6C75;
				INFOPLIST_FILE = DiagnosticMakerUITests/Info.plist;
				LD_RUNPATH_SEARCH_PATHS = (
					"$(inherited)",
					"@executable_path/Frameworks",
					"@loader_path/Frameworks",
				);
				PRODUCT_BUNDLE_IDENTIFIER = net.shotaroooe.DiagnosticMakerUITests;
				PRODUCT_NAME = "$(TARGET_NAME)";
				SWIFT_VERSION = 5.0;
				TARGETED_DEVICE_FAMILY = "1,2";
				TEST_TARGET_NAME = DiagnosticMaker;
			};
			name = Release;
		};
/* End XCBuildConfiguration section */

/* Begin XCConfigurationList section */
		370DAA8726A808C500D89A49 /* Build configuration list for PBXProject "DiagnosticMaker" */ = {
			isa = XCConfigurationList;
			buildConfigurations = (
				370DAAB426A808CA00D89A49 /* Debug */,
				370DAAB526A808CA00D89A49 /* Release */,
			);
			defaultConfigurationIsVisible = 0;
			defaultConfigurationName = Release;
		};
		370DAAB626A808CA00D89A49 /* Build configuration list for PBXNativeTarget "DiagnosticMaker" */ = {
			isa = XCConfigurationList;
			buildConfigurations = (
				370DAAB726A808CA00D89A49 /* Debug */,
				370DAAB826A808CA00D89A49 /* Release */,
			);
			defaultConfigurationIsVisible = 0;
			defaultConfigurationName = Release;
		};
		370DAAB926A808CA00D89A49 /* Build configuration list for PBXNativeTarget "DiagnosticMakerTests" */ = {
			isa = XCConfigurationList;
			buildConfigurations = (
				370DAABA26A808CA00D89A49 /* Debug */,
				370DAABB26A808CA00D89A49 /* Release */,
			);
			defaultConfigurationIsVisible = 0;
			defaultConfigurationName = Release;
		};
		370DAABC26A808CA00D89A49 /* Build configuration list for PBXNativeTarget "DiagnosticMakerUITests" */ = {
			isa = XCConfigurationList;
			buildConfigurations = (
				370DAABD26A808CA00D89A49 /* Debug */,
				370DAABE26A808CA00D89A49 /* Release */,
			);
			defaultConfigurationIsVisible = 0;
			defaultConfigurationName = Release;
		};
/* End XCConfigurationList section */
	};
	rootObject = 370DAA8426A808C500D89A49 /* Project object */;
}
